// !$*UTF8*$!
{
	archiveVersion = 1;
	classes = {
	};
	objectVersion = 46;
	objects = {

/* Begin PBXBuildFile section */
		542B6B0F1DED5B5200858026 /* main.m in Sources */ = {isa = PBXBuildFile; fileRef = 542B6B0E1DED5B5200858026 /* main.m */; };
		542B6B121DED5B5200858026 /* AppDelegate.m in Sources */ = {isa = PBXBuildFile; fileRef = 542B6B111DED5B5200858026 /* AppDelegate.m */; };
		542B6B151DED5B5200858026 /* ViewController.m in Sources */ = {isa = PBXBuildFile; fileRef = 542B6B141DED5B5200858026 /* ViewController.m */; };
		542B6B181DED5B5200858026 /* Main.storyboard in Resources */ = {isa = PBXBuildFile; fileRef = 542B6B161DED5B5200858026 /* Main.storyboard */; };
		542B6B1A1DED5B5200858026 /* Assets.xcassets in Resources */ = {isa = PBXBuildFile; fileRef = 542B6B191DED5B5200858026 /* Assets.xcassets */; };
		542B6B1D1DED5B5200858026 /* LaunchScreen.storyboard in Resources */ = {isa = PBXBuildFile; fileRef = 542B6B1B1DED5B5200858026 /* LaunchScreen.storyboard */; };
		542B6B281DED5B5300858026 /* CentralPeripheralToolTests.m in Sources */ = {isa = PBXBuildFile; fileRef = 542B6B271DED5B5300858026 /* CentralPeripheralToolTests.m */; };
		542B6B331DED5B5300858026 /* CentralPeripheralToolUITests.m in Sources */ = {isa = PBXBuildFile; fileRef = 542B6B321DED5B5300858026 /* CentralPeripheralToolUITests.m */; };
/* End PBXBuildFile section */

/* Begin PBXContainerItemProxy section */
		542B6B241DED5B5300858026 /* PBXContainerItemProxy */ = {
			isa = PBXContainerItemProxy;
			containerPortal = 542B6B021DED5B5200858026 /* Project object */;
			proxyType = 1;
			remoteGlobalIDString = 542B6B091DED5B5200858026;
			remoteInfo = CentralPeripheralTool;
		};
		542B6B2F1DED5B5300858026 /* PBXContainerItemProxy */ = {
			isa = PBXContainerItemProxy;
			containerPortal = 542B6B021DED5B5200858026 /* Project object */;
			proxyType = 1;
			remoteGlobalIDString = 542B6B091DED5B5200858026;
			remoteInfo = CentralPeripheralTool;
		};
/* End PBXContainerItemProxy section */

/* Begin PBXFileReference section */
		542B6B0A1DED5B5200858026 /* CentralPeripheralTool.app */ = {isa = PBXFileReference; explicitFileType = wrapper.application; includeInIndex = 0; path = CentralPeripheralTool.app; sourceTree = BUILT_PRODUCTS_DIR; };
		542B6B0E1DED5B5200858026 /* main.m */ = {isa = PBXFileReference; lastKnownFileType = sourcecode.c.objc; path = main.m; sourceTree = "<group>"; };
		542B6B101DED5B5200858026 /* AppDelegate.h */ = {isa = PBXFileReference; lastKnownFileType = sourcecode.c.h; path = AppDelegate.h; sourceTree = "<group>"; };
		542B6B111DED5B5200858026 /* AppDelegate.m */ = {isa = PBXFileReference; lastKnownFileType = sourcecode.c.objc; path = AppDelegate.m; sourceTree = "<group>"; };
		542B6B131DED5B5200858026 /* ViewController.h */ = {isa = PBXFileReference; lastKnownFileType = sourcecode.c.h; path = ViewController.h; sourceTree = "<group>"; };
		542B6B141DED5B5200858026 /* ViewController.m */ = {isa = PBXFileReference; lastKnownFileType = sourcecode.c.objc; path = ViewController.m; sourceTree = "<group>"; };
		542B6B171DED5B5200858026 /* Base */ = {isa = PBXFileReference; lastKnownFileType = file.storyboard; name = Base; path = Base.lproj/Main.storyboard; sourceTree = "<group>"; };
		542B6B191DED5B5200858026 /* Assets.xcassets */ = {isa = PBXFileReference; lastKnownFileType = folder.assetcatalog; path = Assets.xcassets; sourceTree = "<group>"; };
		542B6B1C1DED5B5200858026 /* Base */ = {isa = PBXFileReference; lastKnownFileType = file.storyboard; name = Base; path = Base.lproj/LaunchScreen.storyboard; sourceTree = "<group>"; };
		542B6B1E1DED5B5200858026 /* Info.plist */ = {isa = PBXFileReference; lastKnownFileType = text.plist.xml; path = Info.plist; sourceTree = "<group>"; };
		542B6B231DED5B5300858026 /* CentralPeripheralToolTests.xctest */ = {isa = PBXFileReference; explicitFileType = wrapper.cfbundle; includeInIndex = 0; path = CentralPeripheralToolTests.xctest; sourceTree = BUILT_PRODUCTS_DIR; };
		542B6B271DED5B5300858026 /* CentralPeripheralToolTests.m */ = {isa = PBXFileReference; lastKnownFileType = sourcecode.c.objc; path = CentralPeripheralToolTests.m; sourceTree = "<group>"; };
		542B6B291DED5B5300858026 /* Info.plist */ = {isa = PBXFileReference; lastKnownFileType = text.plist.xml; path = Info.plist; sourceTree = "<group>"; };
		542B6B2E1DED5B5300858026 /* CentralPeripheralToolUITests.xctest */ = {isa = PBXFileReference; explicitFileType = wrapper.cfbundle; includeInIndex = 0; path = CentralPeripheralToolUITests.xctest; sourceTree = BUILT_PRODUCTS_DIR; };
		542B6B321DED5B5300858026 /* CentralPeripheralToolUITests.m */ = {isa = PBXFileReference; lastKnownFileType = sourcecode.c.objc; path = CentralPeripheralToolUITests.m; sourceTree = "<group>"; };
		542B6B341DED5B5300858026 /* Info.plist */ = {isa = PBXFileReference; lastKnownFileType = text.plist.xml; path = Info.plist; sourceTree = "<group>"; };
/* End PBXFileReference section */

/* Begin PBXFrameworksBuildPhase section */
		542B6B071DED5B5200858026 /* Frameworks */ = {
			isa = PBXFrameworksBuildPhase;
			buildActionMask = 2147483647;
			files = (
			);
			runOnlyForDeploymentPostprocessing = 0;
		};
		542B6B201DED5B5300858026 /* Frameworks */ = {
			isa = PBXFrameworksBuildPhase;
			buildActionMask = 2147483647;
			files = (
			);
			runOnlyForDeploymentPostprocessing = 0;
		};
		542B6B2B1DED5B5300858026 /* Frameworks */ = {
			isa = PBXFrameworksBuildPhase;
			buildActionMask = 2147483647;
			files = (
			);
			runOnlyForDeploymentPostprocessing = 0;
		};
/* End PBXFrameworksBuildPhase section */

/* Begin PBXGroup section */
		542B6B011DED5B5200858026 = {
			isa = PBXGroup;
			children = (
				542B6B0C1DED5B5200858026 /* CentralPeripheralTool */,
				542B6B261DED5B5300858026 /* CentralPeripheralToolTests */,
				542B6B311DED5B5300858026 /* CentralPeripheralToolUITests */,
				542B6B0B1DED5B5200858026 /* Products */,
			);
			sourceTree = "<group>";
		};
		542B6B0B1DED5B5200858026 /* Products */ = {
			isa = PBXGroup;
			children = (
				542B6B0A1DED5B5200858026 /* CentralPeripheralTool.app */,
				542B6B231DED5B5300858026 /* CentralPeripheralToolTests.xctest */,
				542B6B2E1DED5B5300858026 /* CentralPeripheralToolUITests.xctest */,
			);
			name = Products;
			sourceTree = "<group>";
		};
		542B6B0C1DED5B5200858026 /* CentralPeripheralTool */ = {
			isa = PBXGroup;
			children = (
				542B6B101DED5B5200858026 /* AppDelegate.h */,
				542B6B111DED5B5200858026 /* AppDelegate.m */,
				542B6B131DED5B5200858026 /* ViewController.h */,
				542B6B141DED5B5200858026 /* ViewController.m */,
				542B6B161DED5B5200858026 /* Main.storyboard */,
				542B6B191DED5B5200858026 /* Assets.xcassets */,
				542B6B1B1DED5B5200858026 /* LaunchScreen.storyboard */,
				542B6B1E1DED5B5200858026 /* Info.plist */,
				542B6B0D1DED5B5200858026 /* Supporting Files */,
			);
			path = CentralPeripheralTool;
			sourceTree = "<group>";
		};
		542B6B0D1DED5B5200858026 /* Supporting Files */ = {
			isa = PBXGroup;
			children = (
				542B6B0E1DED5B5200858026 /* main.m */,
			);
			name = "Supporting Files";
			sourceTree = "<group>";
		};
		542B6B261DED5B5300858026 /* CentralPeripheralToolTests */ = {
			isa = PBXGroup;
			children = (
				542B6B271DED5B5300858026 /* CentralPeripheralToolTests.m */,
				542B6B291DED5B5300858026 /* Info.plist */,
			);
			path = CentralPeripheralToolTests;
			sourceTree = "<group>";
		};
		542B6B311DED5B5300858026 /* CentralPeripheralToolUITests */ = {
			isa = PBXGroup;
			children = (
				542B6B321DED5B5300858026 /* CentralPeripheralToolUITests.m */,
				542B6B341DED5B5300858026 /* Info.plist */,
			);
			path = CentralPeripheralToolUITests;
			sourceTree = "<group>";
		};
/* End PBXGroup section */

/* Begin PBXNativeTarget section */
		542B6B091DED5B5200858026 /* CentralPeripheralTool */ = {
			isa = PBXNativeTarget;
			buildConfigurationList = 542B6B371DED5B5300858026 /* Build configuration list for PBXNativeTarget "CentralPeripheralTool" */;
			buildPhases = (
				542B6B061DED5B5200858026 /* Sources */,
				542B6B071DED5B5200858026 /* Frameworks */,
				542B6B081DED5B5200858026 /* Resources */,
			);
			buildRules = (
			);
			dependencies = (
			);
			name = CentralPeripheralTool;
			productName = CentralPeripheralTool;
			productReference = 542B6B0A1DED5B5200858026 /* CentralPeripheralTool.app */;
			productType = "com.apple.product-type.application";
		};
		542B6B221DED5B5300858026 /* CentralPeripheralToolTests */ = {
			isa = PBXNativeTarget;
			buildConfigurationList = 542B6B3A1DED5B5300858026 /* Build configuration list for PBXNativeTarget "CentralPeripheralToolTests" */;
			buildPhases = (
				542B6B1F1DED5B5300858026 /* Sources */,
				542B6B201DED5B5300858026 /* Frameworks */,
				542B6B211DED5B5300858026 /* Resources */,
			);
			buildRules = (
			);
			dependencies = (
				542B6B251DED5B5300858026 /* PBXTargetDependency */,
			);
			name = CentralPeripheralToolTests;
			productName = CentralPeripheralToolTests;
			productReference = 542B6B231DED5B5300858026 /* CentralPeripheralToolTests.xctest */;
			productType = "com.apple.product-type.bundle.unit-test";
		};
		542B6B2D1DED5B5300858026 /* CentralPeripheralToolUITests */ = {
			isa = PBXNativeTarget;
			buildConfigurationList = 542B6B3D1DED5B5300858026 /* Build configuration list for PBXNativeTarget "CentralPeripheralToolUITests" */;
			buildPhases = (
				542B6B2A1DED5B5300858026 /* Sources */,
				542B6B2B1DED5B5300858026 /* Frameworks */,
				542B6B2C1DED5B5300858026 /* Resources */,
			);
			buildRules = (
			);
			dependencies = (
				542B6B301DED5B5300858026 /* PBXTargetDependency */,
			);
			name = CentralPeripheralToolUITests;
			productName = CentralPeripheralToolUITests;
			productReference = 542B6B2E1DED5B5300858026 /* CentralPeripheralToolUITests.xctest */;
			productType = "com.apple.product-type.bundle.ui-testing";
		};
/* End PBXNativeTarget section */

/* Begin PBXProject section */
		542B6B021DED5B5200858026 /* Project object */ = {
			isa = PBXProject;
			attributes = {
				LastUpgradeCheck = 0810;
				ORGANIZATIONNAME = LiuMingchuan;
				TargetAttributes = {
					542B6B091DED5B5200858026 = {
						CreatedOnToolsVersion = 8.1;
						DevelopmentTeam = ZLWT774EAE;
						ProvisioningStyle = Automatic;
					};
					542B6B221DED5B5300858026 = {
						CreatedOnToolsVersion = 8.1;
						DevelopmentTeam = ZLWT774EAE;
						ProvisioningStyle = Automatic;
						TestTargetID = 542B6B091DED5B5200858026;
					};
					542B6B2D1DED5B5300858026 = {
						CreatedOnToolsVersion = 8.1;
						DevelopmentTeam = ZLWT774EAE;
						ProvisioningStyle = Automatic;
						TestTargetID = 542B6B091DED5B5200858026;
					};
				};
			};
			buildConfigurationList = 542B6B051DED5B5200858026 /* Build configuration list for PBXProject "CentralPeripheralTool" */;
			compatibilityVersion = "Xcode 3.2";
			developmentRegion = English;
			hasScannedForEncodings = 0;
			knownRegions = (
				en,
				Base,
			);
			mainGroup = 542B6B011DED5B5200858026;
			productRefGroup = 542B6B0B1DED5B5200858026 /* Products */;
			projectDirPath = "";
			projectRoot = "";
			targets = (
				542B6B091DED5B5200858026 /* CentralPeripheralTool */,
				542B6B221DED5B5300858026 /* CentralPeripheralToolTests */,
				542B6B2D1DED5B5300858026 /* CentralPeripheralToolUITests */,
			);
		};
/* End PBXProject section */

/* Begin PBXResourcesBuildPhase section */
		542B6B081DED5B5200858026 /* Resources */ = {
			isa = PBXResourcesBuildPhase;
			buildActionMask = 2147483647;
			files = (
				542B6B1D1DED5B5200858026 /* LaunchScreen.storyboard in Resources */,
				542B6B1A1DED5B5200858026 /* Assets.xcassets in Resources */,
				542B6B181DED5B5200858026 /* Main.storyboard in Resources */,
			);
			runOnlyForDeploymentPostprocessing = 0;
		};
		542B6B211DED5B5300858026 /* Resources */ = {
			isa = PBXResourcesBuildPhase;
			buildActionMask = 2147483647;
			files = (
			);
			runOnlyForDeploymentPostprocessing = 0;
		};
		542B6B2C1DED5B5300858026 /* Resources */ = {
			isa = PBXResourcesBuildPhase;
			buildActionMask = 2147483647;
			files = (
			);
			runOnlyForDeploymentPostprocessing = 0;
		};
/* End PBXResourcesBuildPhase section */

/* Begin PBXSourcesBuildPhase section */
		542B6B061DED5B5200858026 /* Sources */ = {
			isa = PBXSourcesBuildPhase;
			buildActionMask = 2147483647;
			files = (
				542B6B151DED5B5200858026 /* ViewController.m in Sources */,
				542B6B121DED5B5200858026 /* AppDelegate.m in Sources */,
				542B6B0F1DED5B5200858026 /* main.m in Sources */,
			);
			runOnlyForDeploymentPostprocessing = 0;
		};
		542B6B1F1DED5B5300858026 /* Sources */ = {
			isa = PBXSourcesBuildPhase;
			buildActionMask = 2147483647;
			files = (
				542B6B281DED5B5300858026 /* CentralPeripheralToolTests.m in Sources */,
			);
			runOnlyForDeploymentPostprocessing = 0;
		};
		542B6B2A1DED5B5300858026 /* Sources */ = {
			isa = PBXSourcesBuildPhase;
			buildActionMask = 2147483647;
			files = (
				542B6B331DED5B5300858026 /* CentralPeripheralToolUITests.m in Sources */,
			);
			runOnlyForDeploymentPostprocessing = 0;
		};
/* End PBXSourcesBuildPhase section */

/* Begin PBXTargetDependency section */
		542B6B251DED5B5300858026 /* PBXTargetDependency */ = {
			isa = PBXTargetDependency;
			target = 542B6B091DED5B5200858026 /* CentralPeripheralTool */;
			targetProxy = 542B6B241DED5B5300858026 /* PBXContainerItemProxy */;
		};
		542B6B301DED5B5300858026 /* PBXTargetDependency */ = {
			isa = PBXTargetDependency;
			target = 542B6B091DED5B5200858026 /* CentralPeripheralTool */;
			targetProxy = 542B6B2F1DED5B5300858026 /* PBXContainerItemProxy */;
		};
/* End PBXTargetDependency section */

/* Begin PBXVariantGroup section */
		542B6B161DED5B5200858026 /* Main.storyboard */ = {
			isa = PBXVariantGroup;
			children = (
				542B6B171DED5B5200858026 /* Base */,
			);
			name = Main.storyboard;
			sourceTree = "<group>";
		};
		542B6B1B1DED5B5200858026 /* LaunchScreen.storyboard */ = {
			isa = PBXVariantGroup;
			children = (
				542B6B1C1DED5B5200858026 /* Base */,
			);
			name = LaunchScreen.storyboard;
			sourceTree = "<group>";
		};
/* End PBXVariantGroup section */

/* Begin XCBuildConfiguration section */
		542B6B351DED5B5300858026 /* Debug */ = {
			isa = XCBuildConfiguration;
			buildSettings = {
				ALWAYS_SEARCH_USER_PATHS = NO;
				CLANG_ANALYZER_NONNULL = YES;
				CLANG_CXX_LANGUAGE_STANDARD = "gnu++0x";
				CLANG_CXX_LIBRARY = "libc++";
				CLANG_ENABLE_MODULES = YES;
				CLANG_ENABLE_OBJC_ARC = YES;
				CLANG_WARN_BOOL_CONVERSION = YES;
				CLANG_WARN_CONSTANT_CONVERSION = YES;
				CLANG_WARN_DIRECT_OBJC_ISA_USAGE = YES_ERROR;
				CLANG_WARN_DOCUMENTATION_COMMENTS = YES;
				CLANG_WARN_EMPTY_BODY = YES;
				CLANG_WARN_ENUM_CONVERSION = YES;
				CLANG_WARN_INFINITE_RECURSION = YES;
				CLANG_WARN_INT_CONVERSION = YES;
				CLANG_WARN_OBJC_ROOT_CLASS = YES_ERROR;
				CLANG_WARN_SUSPICIOUS_MOVES = YES;
				CLANG_WARN_UNREACHABLE_CODE = YES;
				CLANG_WARN__DUPLICATE_METHOD_MATCH = YES;
				"CODE_SIGN_IDENTITY[sdk=iphoneos*]" = "iPhone Developer";
				COPY_PHASE_STRIP = NO;
				DEBUG_INFORMATION_FORMAT = dwarf;
				ENABLE_STRICT_OBJC_MSGSEND = YES;
				ENABLE_TESTABILITY = YES;
				GCC_C_LANGUAGE_STANDARD = gnu99;
				GCC_DYNAMIC_NO_PIC = NO;
				GCC_NO_COMMON_BLOCKS = YES;
				GCC_OPTIMIZATION_LEVEL = 0;
				GCC_PREPROCESSOR_DEFINITIONS = (
					"DEBUG=1",
					"$(inherited)",
				);
				GCC_WARN_64_TO_32_BIT_CONVERSION = YES;
				GCC_WARN_ABOUT_RETURN_TYPE = YES_ERROR;
				GCC_WARN_UNDECLARED_SELECTOR = YES;
				GCC_WARN_UNINITIALIZED_AUTOS = YES_AGGRESSIVE;
				GCC_WARN_UNUSED_FUNCTION = YES;
				GCC_WARN_UNUSED_VARIABLE = YES;
				IPHONEOS_DEPLOYMENT_TARGET = 10.1;
				MTL_ENABLE_DEBUG_INFO = YES;
				ONLY_ACTIVE_ARCH = YES;
				SDKROOT = iphoneos;
			};
			name = Debug;
		};
		542B6B361DED5B5300858026 /* Release */ = {
			isa = XCBuildConfiguration;
			buildSettings = {
				ALWAYS_SEARCH_USER_PATHS = NO;
				CLANG_ANALYZER_NONNULL = YES;
				CLANG_CXX_LANGUAGE_STANDARD = "gnu++0x";
				CLANG_CXX_LIBRARY = "libc++";
				CLANG_ENABLE_MODULES = YES;
				CLANG_ENABLE_OBJC_ARC = YES;
				CLANG_WARN_BOOL_CONVERSION = YES;
				CLANG_WARN_CONSTANT_CONVERSION = YES;
				CLANG_WARN_DIRECT_OBJC_ISA_USAGE = YES_ERROR;
				CLANG_WARN_DOCUMENTATION_COMMENTS = YES;
				CLANG_WARN_EMPTY_BODY = YES;
				CLANG_WARN_ENUM_CONVERSION = YES;
				CLANG_WARN_INFINITE_RECURSION = YES;
				CLANG_WARN_INT_CONVERSION = YES;
				CLANG_WARN_OBJC_ROOT_CLASS = YES_ERROR;
				CLANG_WARN_SUSPICIOUS_MOVES = YES;
				CLANG_WARN_UNREACHABLE_CODE = YES;
				CLANG_WARN__DUPLICATE_METHOD_MATCH = YES;
				"CODE_SIGN_IDENTITY[sdk=iphoneos*]" = "iPhone Developer";
				COPY_PHASE_STRIP = NO;
				DEBUG_INFORMATION_FORMAT = "dwarf-with-dsym";
				ENABLE_NS_ASSERTIONS = NO;
				ENABLE_STRICT_OBJC_MSGSEND = YES;
				GCC_C_LANGUAGE_STANDARD = gnu99;
				GCC_NO_COMMON_BLOCKS = YES;
				GCC_WARN_64_TO_32_BIT_CONVERSION = YES;
				GCC_WARN_ABOUT_RETURN_TYPE = YES_ERROR;
				GCC_WARN_UNDECLARED_SELECTOR = YES;
				GCC_WARN_UNINITIALIZED_AUTOS = YES_AGGRESSIVE;
				GCC_WARN_UNUSED_FUNCTION = YES;
				GCC_WARN_UNUSED_VARIABLE = YES;
				IPHONEOS_DEPLOYMENT_TARGET = 10.1;
				MTL_ENABLE_DEBUG_INFO = NO;
				SDKROOT = iphoneos;
				VALIDATE_PRODUCT = YES;
			};
			name = Release;
		};
		542B6B381DED5B5300858026 /* Debug */ = {
			isa = XCBuildConfiguration;
			buildSettings = {
				ASSETCATALOG_COMPILER_APPICON_NAME = AppIcon;
				DEVELOPMENT_TEAM = ZLWT774EAE;
				INFOPLIST_FILE = CentralPeripheralTool/Info.plist;
				LD_RUNPATH_SEARCH_PATHS = "$(inherited) @executable_path/Frameworks";
				PRODUCT_BUNDLE_IDENTIFIER = com.ryoma.CentralPeripheralTool;
				PRODUCT_NAME = "$(TARGET_NAME)";
			};
			name = Debug;
		};
		542B6B391DED5B5300858026 /* Release */ = {
			isa = XCBuildConfiguration;
			buildSettings = {
				ASSETCATALOG_COMPILER_APPICON_NAME = AppIcon;
				DEVELOPMENT_TEAM = ZLWT774EAE;
				INFOPLIST_FILE = CentralPeripheralTool/Info.plist;
				LD_RUNPATH_SEARCH_PATHS = "$(inherited) @executable_path/Frameworks";
				PRODUCT_BUNDLE_IDENTIFIER = com.ryoma.CentralPeripheralTool;
				PRODUCT_NAME = "$(TARGET_NAME)";
			};
			name = Release;
		};
		542B6B3B1DED5B5300858026 /* Debug */ = {
			isa = XCBuildConfiguration;
			buildSettings = {
				BUNDLE_LOADER = "$(TEST_HOST)";
				DEVELOPMENT_TEAM = ZLWT774EAE;
				INFOPLIST_FILE = CentralPeripheralToolTests/Info.plist;
				LD_RUNPATH_SEARCH_PATHS = "$(inherited) @executable_path/Frameworks @loader_path/Frameworks";
				PRODUCT_BUNDLE_IDENTIFIER = com.ryoma.CentralPeripheralToolTests;
				PRODUCT_NAME = "$(TARGET_NAME)";
				TEST_HOST = "$(BUILT_PRODUCTS_DIR)/CentralPeripheralTool.app/CentralPeripheralTool";
			};
			name = Debug;
		};
		542B6B3C1DED5B5300858026 /* Release */ = {
			isa = XCBuildConfiguration;
			buildSettings = {
				BUNDLE_LOADER = "$(TEST_HOST)";
				DEVELOPMENT_TEAM = ZLWT774EAE;
				INFOPLIST_FILE = CentralPeripheralToolTests/Info.plist;
				LD_RUNPATH_SEARCH_PATHS = "$(inherited) @executable_path/Frameworks @loader_path/Frameworks";
				PRODUCT_BUNDLE_IDENTIFIER = com.ryoma.CentralPeripheralToolTests;
				PRODUCT_NAME = "$(TARGET_NAME)";
				TEST_HOST = "$(BUILT_PRODUCTS_DIR)/CentralPeripheralTool.app/CentralPeripheralTool";
			};
			name = Release;
		};
		542B6B3E1DED5B5300858026 /* Debug */ = {
			isa = XCBuildConfiguration;
			buildSettings = {
				DEVELOPMENT_TEAM = ZLWT774EAE;
				INFOPLIST_FILE = CentralPeripheralToolUITests/Info.plist;
				LD_RUNPATH_SEARCH_PATHS = "$(inherited) @executable_path/Frameworks @loader_path/Frameworks";
				PRODUCT_BUNDLE_IDENTIFIER = com.ryoma.CentralPeripheralToolUITests;
				PRODUCT_NAME = "$(TARGET_NAME)";
				TEST_TARGET_NAME = CentralPeripheralTool;
			};
			name = Debug;
		};
		542B6B3F1DED5B5300858026 /* Release */ = {
			isa = XCBuildConfiguration;
			buildSettings = {
				DEVELOPMENT_TEAM = ZLWT774EAE;
				INFOPLIST_FILE = CentralPeripheralToolUITests/Info.plist;
				LD_RUNPATH_SEARCH_PATHS = "$(inherited) @executable_path/Frameworks @loader_path/Frameworks";
				PRODUCT_BUNDLE_IDENTIFIER = com.ryoma.CentralPeripheralToolUITests;
				PRODUCT_NAME = "$(TARGET_NAME)";
				TEST_TARGET_NAME = CentralPeripheralTool;
			};
			name = Release;
		};
/* End XCBuildConfiguration section */

/* Begin XCConfigurationList section */
		542B6B051DED5B5200858026 /* Build configuration list for PBXProject "CentralPeripheralTool" */ = {
			isa = XCConfigurationList;
			buildConfigurations = (
				542B6B351DED5B5300858026 /* Debug */,
				542B6B361DED5B5300858026 /* Release */,
			);
			defaultConfigurationIsVisible = 0;
			defaultConfigurationName = Release;
		};
		542B6B371DED5B5300858026 /* Build configuration list for PBXNativeTarget "CentralPeripheralTool" */ = {
			isa = XCConfigurationList;
			buildConfigurations = (
				542B6B381DED5B5300858026 /* Debug */,
				542B6B391DED5B5300858026 /* Release */,
			);
			defaultConfigurationIsVisible = 0;
		};
		542B6B3A1DED5B5300858026 /* Build configuration list for PBXNativeTarget "CentralPeripheralToolTests" */ = {
			isa = XCConfigurationList;
			buildConfigurations = (
				542B6B3B1DED5B5300858026 /* Debug */,
				542B6B3C1DED5B5300858026 /* Release */,
			);
			defaultConfigurationIsVisible = 0;
		};
		542B6B3D1DED5B5300858026 /* Build configuration list for PBXNativeTarget "CentralPeripheralToolUITests" */ = {
			isa = XCConfigurationList;
			buildConfigurations = (
				542B6B3E1DED5B5300858026 /* Debug */,
				542B6B3F1DED5B5300858026 /* Release */,
			);
			defaultConfigurationIsVisible = 0;
		};
/* End XCConfigurationList section */
	};
	rootObject = 542B6B021DED5B5200858026 /* Project object */;
}
